
Microsoft Visual Studio Solution File, Format Version 12.00
# Visual Studio Version 17
VisualStudioVersion = 17.5.33424.131
MinimumVisualStudioVersion = 10.0.40219.1
Project("{9A19103F-16F7-4668-BE54-9A1E7A4F7556}") = "EquipmentApi", "api_equipment\EquipmentApi.csproj", "{6E62C2AA-5C6C-451D-AAD7-86C45498BEFB}"
EndProject
Project("{2150E333-8FDC-42A3-9474-1A3956D46DE8}") = "Api", "Api", "{CFD6B2A1-01C6-4521-80C7-FC3B1A872B24}"
EndProject
Project("{2150E333-8FDC-42A3-9474-1A3956D46DE8}") = "Domain", "Domain", "{9495CAF7-C8B1-460C-A86F-F718B67306E3}"
EndProject
Project("{2150E333-8FDC-42A3-9474-1A3956D46DE8}") = "Repository", "Repository", "{F85D5E56-2039-442E-AF6C-0E483502B947}"
EndProject
Project("{9A19103F-16F7-4668-BE54-9A1E7A4F7556}") = "EquipmentDomain", "EquipmentDomain\EquipmentDomain.csproj", "{E4C8D8F5-BF16-4A30-A2FD-81383FBB05FE}"
EndProject
Project("{9A19103F-16F7-4668-BE54-9A1E7A4F7556}") = "EquipmentInfra", "EquipmentInfra\EquipmentInfra.csproj", "{CE8C6EC0-E0E9-4D60-9B16-F0331181149F}"
EndProject
Global
	GlobalSection(SolutionConfigurationPlatforms) = preSolution
		Debug|Any CPU = Debug|Any CPU
		Release|Any CPU = Release|Any CPU
	EndGlobalSection
	GlobalSection(ProjectConfigurationPlatforms) = postSolution
		{6E62C2AA-5C6C-451D-AAD7-86C45498BEFB}.Debug|Any CPU.ActiveCfg = Debug|Any CPU
		{6E62C2AA-5C6C-451D-AAD7-86C45498BEFB}.Debug|Any CPU.Build.0 = Debug|Any CPU
		{6E62C2AA-5C6C-451D-AAD7-86C45498BEFB}.Release|Any CPU.ActiveCfg = Release|Any CPU
		{6E62C2AA-5C6C-451D-AAD7-86C45498BEFB}.Release|Any CPU.Build.0 = Release|Any CPU
		{E4C8D8F5-BF16-4A30-A2FD-81383FBB05FE}.Debug|Any CPU.ActiveCfg = Debug|Any CPU
		{E4C8D8F5-BF16-4A30-A2FD-81383FBB05FE}.Debug|Any CPU.Build.0 = Debug|Any CPU
		{E4C8D8F5-BF16-4A30-A2FD-81383FBB05FE}.Release|Any CPU.ActiveCfg = Release|Any CPU
		{E4C8D8F5-BF16-4A30-A2FD-81383FBB05FE}.Release|Any CPU.Build.0 = Release|Any CPU
		{CE8C6EC0-E0E9-4D60-9B16-F0331181149F}.Debug|Any CPU.ActiveCfg = Debug|Any CPU
		{CE8C6EC0-E0E9-4D60-9B16-F0331181149F}.Debug|Any CPU.Build.0 = Debug|Any CPU
		{CE8C6EC0-E0E9-4D60-9B16-F0331181149F}.Release|Any CPU.ActiveCfg = Release|Any CPU
		{CE8C6EC0-E0E9-4D60-9B16-F0331181149F}.Release|Any CPU.Build.0 = Release|Any CPU
	EndGlobalSection
	GlobalSection(SolutionProperties) = preSolution
		HideSolutionNode = FALSE
	EndGlobalSection
	GlobalSection(NestedProjects) = preSolution
		{6E62C2AA-5C6C-451D-AAD7-86C45498BEFB} = {CFD6B2A1-01C6-4521-80C7-FC3B1A872B24}
		{E4C8D8F5-BF16-4A30-A2FD-81383FBB05FE} = {9495CAF7-C8B1-460C-A86F-F718B67306E3}
		{CE8C6EC0-E0E9-4D60-9B16-F0331181149F} = {F85D5E56-2039-442E-AF6C-0E483502B947}
	EndGlobalSection
	GlobalSection(ExtensibilityGlobals) = postSolution
		SolutionGuid = {813E158A-FC89-42EC-9B5F-FA7E441377E0}
	EndGlobalSection
EndGlobal
